
Microsoft Visual Studio Solution File, Format Version 12.00
# Visual Studio 15
VisualStudioVersion = 15.0.27703.2046
MinimumVisualStudioVersion = 10.0.40219.1
Project("{9A19103F-16F7-4668-BE54-9A1E7A4F7556}") = "GremlinAPI", "GremlinAPI\GremlinAPI.csproj", "{959CE6FE-90E5-4E04-B8D3-84DA5A7B666C}"
EndProject
Project("{9A19103F-16F7-4668-BE54-9A1E7A4F7556}") = "GIB2019", "GIB2019\GIB2019.csproj", "{06DFC7B2-C3EC-43A4-ADB0-BDD5A38444EB}"
EndProject
Global
	GlobalSection(SolutionConfigurationPlatforms) = preSolution
		Debug|Any CPU = Debug|Any CPU
		Release|Any CPU = Release|Any CPU
	EndGlobalSection
	GlobalSection(ProjectConfigurationPlatforms) = postSolution
		{959CE6FE-90E5-4E04-B8D3-84DA5A7B666C}.Debug|Any CPU.ActiveCfg = Debug|Any CPU
		{959CE6FE-90E5-4E04-B8D3-84DA5A7B666C}.Debug|Any CPU.Build.0 = Debug|Any CPU
		{959CE6FE-90E5-4E04-B8D3-84DA5A7B666C}.Release|Any CPU.ActiveCfg = Release|Any CPU
		{959CE6FE-90E5-4E04-B8D3-84DA5A7B666C}.Release|Any CPU.Build.0 = Release|Any CPU
		{06DFC7B2-C3EC-43A4-ADB0-BDD5A38444EB}.Debug|Any CPU.ActiveCfg = Debug|Any CPU
		{06DFC7B2-C3EC-43A4-ADB0-BDD5A38444EB}.Debug|Any CPU.Build.0 = Debug|Any CPU
		{06DFC7B2-C3EC-43A4-ADB0-BDD5A38444EB}.Release|Any CPU.ActiveCfg = Release|Any CPU
		{06DFC7B2-C3EC-43A4-ADB0-BDD5A38444EB}.Release|Any CPU.Build.0 = Release|Any CPU
	EndGlobalSection
	GlobalSection(SolutionProperties) = preSolution
		HideSolutionNode = FALSE
	EndGlobalSection
	GlobalSection(ExtensibilityGlobals) = postSolution
		SolutionGuid = {C56B51BC-A632-4AE1-BE12-F45273B7F48F}
	EndGlobalSection
EndGlobal
